// !$*UTF8*$!
{
	archiveVersion = 1;
	classes = {
	};
	objectVersion = 46;
	objects = {

/* Begin PBXBuildFile section */
		E8B5DA6E1E2B48E900AEFF66 /* SIRuntimeIvar.m in Sources */ = {isa = PBXBuildFile; fileRef = E8B5DA6D1E2B48E900AEFF66 /* SIRuntimeIvar.m */; };
		E8B5DA711E2B529E00AEFF66 /* SIRuntimeProtocol.m in Sources */ = {isa = PBXBuildFile; fileRef = E8B5DA701E2B529E00AEFF66 /* SIRuntimeProtocol.m */; };
		E8B5DA741E2B65BB00AEFF66 /* SIRuntimeClass.m in Sources */ = {isa = PBXBuildFile; fileRef = E8B5DA731E2B65BB00AEFF66 /* SIRuntimeClass.m */; };
		E8D59AC51E29CEB600D2A745 /* main.m in Sources */ = {isa = PBXBuildFile; fileRef = E8D59AC41E29CEB600D2A745 /* main.m */; };
		E8D59AC81E29CEB600D2A745 /* AppDelegate.m in Sources */ = {isa = PBXBuildFile; fileRef = E8D59AC71E29CEB600D2A745 /* AppDelegate.m */; };
		E8D59ACB1E29CEB600D2A745 /* ViewController.m in Sources */ = {isa = PBXBuildFile; fileRef = E8D59ACA1E29CEB600D2A745 /* ViewController.m */; };
		E8D59ACE1E29CEB600D2A745 /* Main.storyboard in Resources */ = {isa = PBXBuildFile; fileRef = E8D59ACC1E29CEB600D2A745 /* Main.storyboard */; };
		E8D59AD01E29CEB600D2A745 /* Assets.xcassets in Resources */ = {isa = PBXBuildFile; fileRef = E8D59ACF1E29CEB600D2A745 /* Assets.xcassets */; };
		E8D59AD31E29CEB600D2A745 /* LaunchScreen.storyboard in Resources */ = {isa = PBXBuildFile; fileRef = E8D59AD11E29CEB600D2A745 /* LaunchScreen.storyboard */; };
		E8D59ADD1E2A05BE00D2A745 /* SIRuntime.m in Sources */ = {isa = PBXBuildFile; fileRef = E8D59ADC1E2A05BE00D2A745 /* SIRuntime.m */; };
		E8D59AE01E2A07A000D2A745 /* SIRuntimeProperty.m in Sources */ = {isa = PBXBuildFile; fileRef = E8D59ADF1E2A07A000D2A745 /* SIRuntimeProperty.m */; };
		E8D59AE31E2A07B800D2A745 /* SIRuntimePropertyType.m in Sources */ = {isa = PBXBuildFile; fileRef = E8D59AE21E2A07B800D2A745 /* SIRuntimePropertyType.m */; };
		E8D59AE61E2A07CB00D2A745 /* SIRuntimeEncoding.m in Sources */ = {isa = PBXBuildFile; fileRef = E8D59AE51E2A07CB00D2A745 /* SIRuntimeEncoding.m */; };
		E8D59AE91E2A511600D2A745 /* SIRuntimeMethod.m in Sources */ = {isa = PBXBuildFile; fileRef = E8D59AE81E2A511600D2A745 /* SIRuntimeMethod.m */; };
/* End PBXBuildFile section */

/* Begin PBXFileReference section */
		E8B5DA6C1E2B48E900AEFF66 /* SIRuntimeIvar.h */ = {isa = PBXFileReference; fileEncoding = 4; lastKnownFileType = sourcecode.c.h; path = SIRuntimeIvar.h; sourceTree = "<group>"; };
		E8B5DA6D1E2B48E900AEFF66 /* SIRuntimeIvar.m */ = {isa = PBXFileReference; fileEncoding = 4; lastKnownFileType = sourcecode.c.objc; path = SIRuntimeIvar.m; sourceTree = "<group>"; };
		E8B5DA6F1E2B529E00AEFF66 /* SIRuntimeProtocol.h */ = {isa = PBXFileReference; fileEncoding = 4; lastKnownFileType = sourcecode.c.h; path = SIRuntimeProtocol.h; sourceTree = "<group>"; };
		E8B5DA701E2B529E00AEFF66 /* SIRuntimeProtocol.m */ = {isa = PBXFileReference; fileEncoding = 4; lastKnownFileType = sourcecode.c.objc; path = SIRuntimeProtocol.m; sourceTree = "<group>"; };
		E8B5DA721E2B65BB00AEFF66 /* SIRuntimeClass.h */ = {isa = PBXFileReference; fileEncoding = 4; lastKnownFileType = sourcecode.c.h; path = SIRuntimeClass.h; sourceTree = "<group>"; };
		E8B5DA731E2B65BB00AEFF66 /* SIRuntimeClass.m */ = {isa = PBXFileReference; fileEncoding = 4; lastKnownFileType = sourcecode.c.objc; path = SIRuntimeClass.m; sourceTree = "<group>"; };
		E8D59AC01E29CEB600D2A745 /* RuntimeWrapDemo.app */ = {isa = PBXFileReference; explicitFileType = wrapper.application; includeInIndex = 0; path = RuntimeWrapDemo.app; sourceTree = BUILT_PRODUCTS_DIR; };
		E8D59AC41E29CEB600D2A745 /* main.m */ = {isa = PBXFileReference; lastKnownFileType = sourcecode.c.objc; path = main.m; sourceTree = "<group>"; };
		E8D59AC61E29CEB600D2A745 /* AppDelegate.h */ = {isa = PBXFileReference; lastKnownFileType = sourcecode.c.h; path = AppDelegate.h; sourceTree = "<group>"; };
		E8D59AC71E29CEB600D2A745 /* AppDelegate.m */ = {isa = PBXFileReference; lastKnownFileType = sourcecode.c.objc; path = AppDelegate.m; sourceTree = "<group>"; };
		E8D59AC91E29CEB600D2A745 /* ViewController.h */ = {isa = PBXFileReference; lastKnownFileType = sourcecode.c.h; path = ViewController.h; sourceTree = "<group>"; };
		E8D59ACA1E29CEB600D2A745 /* ViewController.m */ = {isa = PBXFileReference; lastKnownFileType = sourcecode.c.objc; path = ViewController.m; sourceTree = "<group>"; };
		E8D59ACD1E29CEB600D2A745 /* Base */ = {isa = PBXFileReference; lastKnownFileType = file.storyboard; name = Base; path = Base.lproj/Main.storyboard; sourceTree = "<group>"; };
		E8D59ACF1E29CEB600D2A745 /* Assets.xcassets */ = {isa = PBXFileReference; lastKnownFileType = folder.assetcatalog; path = Assets.xcassets; sourceTree = "<group>"; };
		E8D59AD21E29CEB600D2A745 /* Base */ = {isa = PBXFileReference; lastKnownFileType = file.storyboard; name = Base; path = Base.lproj/LaunchScreen.storyboard; sourceTree = "<group>"; };
		E8D59AD41E29CEB600D2A745 /* Info.plist */ = {isa = PBXFileReference; lastKnownFileType = text.plist.xml; path = Info.plist; sourceTree = "<group>"; };
		E8D59ADB1E2A05BE00D2A745 /* SIRuntime.h */ = {isa = PBXFileReference; fileEncoding = 4; lastKnownFileType = sourcecode.c.h; path = SIRuntime.h; sourceTree = "<group>"; };
		E8D59ADC1E2A05BE00D2A745 /* SIRuntime.m */ = {isa = PBXFileReference; fileEncoding = 4; lastKnownFileType = sourcecode.c.objc; path = SIRuntime.m; sourceTree = "<group>"; };
		E8D59ADE1E2A07A000D2A745 /* SIRuntimeProperty.h */ = {isa = PBXFileReference; fileEncoding = 4; lastKnownFileType = sourcecode.c.h; path = SIRuntimeProperty.h; sourceTree = "<group>"; };
		E8D59ADF1E2A07A000D2A745 /* SIRuntimeProperty.m */ = {isa = PBXFileReference; fileEncoding = 4; lastKnownFileType = sourcecode.c.objc; path = SIRuntimeProperty.m; sourceTree = "<group>"; };
		E8D59AE11E2A07B800D2A745 /* SIRuntimePropertyType.h */ = {isa = PBXFileReference; fileEncoding = 4; lastKnownFileType = sourcecode.c.h; path = SIRuntimePropertyType.h; sourceTree = "<group>"; };
		E8D59AE21E2A07B800D2A745 /* SIRuntimePropertyType.m */ = {isa = PBXFileReference; fileEncoding = 4; lastKnownFileType = sourcecode.c.objc; path = SIRuntimePropertyType.m; sourceTree = "<group>"; };
		E8D59AE41E2A07CB00D2A745 /* SIRuntimeEncoding.h */ = {isa = PBXFileReference; fileEncoding = 4; lastKnownFileType = sourcecode.c.h; path = SIRuntimeEncoding.h; sourceTree = "<group>"; };
		E8D59AE51E2A07CB00D2A745 /* SIRuntimeEncoding.m */ = {isa = PBXFileReference; fileEncoding = 4; lastKnownFileType = sourcecode.c.objc; path = SIRuntimeEncoding.m; sourceTree = "<group>"; };
		E8D59AE71E2A511600D2A745 /* SIRuntimeMethod.h */ = {isa = PBXFileReference; fileEncoding = 4; lastKnownFileType = sourcecode.c.h; path = SIRuntimeMethod.h; sourceTree = "<group>"; };
		E8D59AE81E2A511600D2A745 /* SIRuntimeMethod.m */ = {isa = PBXFileReference; fileEncoding = 4; lastKnownFileType = sourcecode.c.objc; path = SIRuntimeMethod.m; sourceTree = "<group>"; };
/* End PBXFileReference section */

/* Begin PBXFrameworksBuildPhase section */
		E8D59ABD1E29CEB600D2A745 /* Frameworks */ = {
			isa = PBXFrameworksBuildPhase;
			buildActionMask = 2147483647;
			files = (
			);
			runOnlyForDeploymentPostprocessing = 0;
		};
/* End PBXFrameworksBuildPhase section */

/* Begin PBXGroup section */
		E8D59AB71E29CEB600D2A745 = {
			isa = PBXGroup;
			children = (
				E8D59AC21E29CEB600D2A745 /* RuntimeWrapDemo */,
				E8D59AC11E29CEB600D2A745 /* Products */,
			);
			sourceTree = "<group>";
		};
		E8D59AC11E29CEB600D2A745 /* Products */ = {
			isa = PBXGroup;
			children = (
				E8D59AC01E29CEB600D2A745 /* RuntimeWrapDemo.app */,
			);
			name = Products;
			sourceTree = "<group>";
		};
		E8D59AC21E29CEB600D2A745 /* RuntimeWrapDemo */ = {
			isa = PBXGroup;
			children = (
				E8D59ADA1E29CEE200D2A745 /* SIRuntime */,
				E8D59AC61E29CEB600D2A745 /* AppDelegate.h */,
				E8D59AC71E29CEB600D2A745 /* AppDelegate.m */,
				E8D59AC91E29CEB600D2A745 /* ViewController.h */,
				E8D59ACA1E29CEB600D2A745 /* ViewController.m */,
				E8D59ACC1E29CEB600D2A745 /* Main.storyboard */,
				E8D59ACF1E29CEB600D2A745 /* Assets.xcassets */,
				E8D59AD11E29CEB600D2A745 /* LaunchScreen.storyboard */,
				E8D59AD41E29CEB600D2A745 /* Info.plist */,
				E8D59AC31E29CEB600D2A745 /* Supporting Files */,
			);
			path = RuntimeWrapDemo;
			sourceTree = "<group>";
		};
		E8D59AC31E29CEB600D2A745 /* Supporting Files */ = {
			isa = PBXGroup;
			children = (
				E8D59AC41E29CEB600D2A745 /* main.m */,
			);
			name = "Supporting Files";
			sourceTree = "<group>";
		};
		E8D59ADA1E29CEE200D2A745 /* SIRuntime */ = {
			isa = PBXGroup;
			children = (
				E8D59ADB1E2A05BE00D2A745 /* SIRuntime.h */,
				E8D59ADC1E2A05BE00D2A745 /* SIRuntime.m */,
				E8B5DA6F1E2B529E00AEFF66 /* SIRuntimeProtocol.h */,
				E8B5DA701E2B529E00AEFF66 /* SIRuntimeProtocol.m */,
				E8B5DA6C1E2B48E900AEFF66 /* SIRuntimeIvar.h */,
				E8B5DA6D1E2B48E900AEFF66 /* SIRuntimeIvar.m */,
				E8D59AE71E2A511600D2A745 /* SIRuntimeMethod.h */,
				E8D59AE81E2A511600D2A745 /* SIRuntimeMethod.m */,
				E8D59ADE1E2A07A000D2A745 /* SIRuntimeProperty.h */,
				E8D59ADF1E2A07A000D2A745 /* SIRuntimeProperty.m */,
				E8D59AE11E2A07B800D2A745 /* SIRuntimePropertyType.h */,
				E8D59AE21E2A07B800D2A745 /* SIRuntimePropertyType.m */,
				E8D59AE41E2A07CB00D2A745 /* SIRuntimeEncoding.h */,
				E8D59AE51E2A07CB00D2A745 /* SIRuntimeEncoding.m */,
				E8B5DA721E2B65BB00AEFF66 /* SIRuntimeClass.h */,
				E8B5DA731E2B65BB00AEFF66 /* SIRuntimeClass.m */,
			);
			path = SIRuntime;
			sourceTree = "<group>";
		};
/* End PBXGroup section */

/* Begin PBXNativeTarget section */
		E8D59ABF1E29CEB600D2A745 /* RuntimeWrapDemo */ = {
			isa = PBXNativeTarget;
			buildConfigurationList = E8D59AD71E29CEB600D2A745 /* Build configuration list for PBXNativeTarget "RuntimeWrapDemo" */;
			buildPhases = (
				E8D59ABC1E29CEB600D2A745 /* Sources */,
				E8D59ABD1E29CEB600D2A745 /* Frameworks */,
				E8D59ABE1E29CEB600D2A745 /* Resources */,
			);
			buildRules = (
			);
			dependencies = (
			);
			name = RuntimeWrapDemo;
			productName = RuntimeWrapDemo;
			productReference = E8D59AC01E29CEB600D2A745 /* RuntimeWrapDemo.app */;
			productType = "com.apple.product-type.application";
		};
/* End PBXNativeTarget section */

/* Begin PBXProject section */
		E8D59AB81E29CEB600D2A745 /* Project object */ = {
			isa = PBXProject;
			attributes = {
				LastUpgradeCheck = 0820;
				ORGANIZATIONNAME = Silence;
				TargetAttributes = {
					E8D59ABF1E29CEB600D2A745 = {
						CreatedOnToolsVersion = 8.2;
						DevelopmentTeam = UKBBWVJH59;
						ProvisioningStyle = Automatic;
					};
				};
			};
			buildConfigurationList = E8D59ABB1E29CEB600D2A745 /* Build configuration list for PBXProject "RuntimeWrapDemo" */;
			compatibilityVersion = "Xcode 3.2";
			developmentRegion = English;
			hasScannedForEncodings = 0;
			knownRegions = (
				en,
				Base,
			);
			mainGroup = E8D59AB71E29CEB600D2A745;
			productRefGroup = E8D59AC11E29CEB600D2A745 /* Products */;
			projectDirPath = "";
			projectRoot = "";
			targets = (
				E8D59ABF1E29CEB600D2A745 /* RuntimeWrapDemo */,
			);
		};
/* End PBXProject section */

/* Begin PBXResourcesBuildPhase section */
		E8D59ABE1E29CEB600D2A745 /* Resources */ = {
			isa = PBXResourcesBuildPhase;
			buildActionMask = 2147483647;
			files = (
				E8D59AD31E29CEB600D2A745 /* LaunchScreen.storyboard in Resources */,
				E8D59AD01E29CEB600D2A745 /* Assets.xcassets in Resources */,
				E8D59ACE1E29CEB600D2A745 /* Main.storyboard in Resources */,
			);
			runOnlyForDeploymentPostprocessing = 0;
		};
/* End PBXResourcesBuildPhase section */

/* Begin PBXSourcesBuildPhase section */
		E8D59ABC1E29CEB600D2A745 /* Sources */ = {
			isa = PBXSourcesBuildPhase;
			buildActionMask = 2147483647;
			files = (
				E8D59ACB1E29CEB600D2A745 /* ViewController.m in Sources */,
				E8D59AC81E29CEB600D2A745 /* AppDelegate.m in Sources */,
				E8B5DA711E2B529E00AEFF66 /* SIRuntimeProtocol.m in Sources */,
				E8B5DA6E1E2B48E900AEFF66 /* SIRuntimeIvar.m in Sources */,
				E8D59ADD1E2A05BE00D2A745 /* SIRuntime.m in Sources */,
				E8D59AE31E2A07B800D2A745 /* SIRuntimePropertyType.m in Sources */,
				E8B5DA741E2B65BB00AEFF66 /* SIRuntimeClass.m in Sources */,
				E8D59AC51E29CEB600D2A745 /* main.m in Sources */,
				E8D59AE91E2A511600D2A745 /* SIRuntimeMethod.m in Sources */,
				E8D59AE01E2A07A000D2A745 /* SIRuntimeProperty.m in Sources */,
				E8D59AE61E2A07CB00D2A745 /* SIRuntimeEncoding.m in Sources */,
			);
			runOnlyForDeploymentPostprocessing = 0;
		};
/* End PBXSourcesBuildPhase section */

/* Begin PBXVariantGroup section */
		E8D59ACC1E29CEB600D2A745 /* Main.storyboard */ = {
			isa = PBXVariantGroup;
			children = (
				E8D59ACD1E29CEB600D2A745 /* Base */,
			);
			name = Main.storyboard;
			sourceTree = "<group>";
		};
		E8D59AD11E29CEB600D2A745 /* LaunchScreen.storyboard */ = {
			isa = PBXVariantGroup;
			children = (
				E8D59AD21E29CEB600D2A745 /* Base */,
			);
			name = LaunchScreen.storyboard;
			sourceTree = "<group>";
		};
/* End PBXVariantGroup section */

/* Begin XCBuildConfiguration section */
		E8D59AD51E29CEB600D2A745 /* Debug */ = {
			isa = XCBuildConfiguration;
			buildSettings = {
				ALWAYS_SEARCH_USER_PATHS = NO;
				CLANG_ANALYZER_NONNULL = YES;
				CLANG_CXX_LANGUAGE_STANDARD = "gnu++0x";
				CLANG_CXX_LIBRARY = "libc++";
				CLANG_ENABLE_MODULES = YES;
				CLANG_ENABLE_OBJC_ARC = YES;
				CLANG_WARN_BOOL_CONVERSION = YES;
				CLANG_WARN_CONSTANT_CONVERSION = YES;
				CLANG_WARN_DIRECT_OBJC_ISA_USAGE = YES_ERROR;
				CLANG_WARN_DOCUMENTATION_COMMENTS = YES;
				CLANG_WARN_EMPTY_BODY = YES;
				CLANG_WARN_ENUM_CONVERSION = YES;
				CLANG_WARN_INFINITE_RECURSION = YES;
				CLANG_WARN_INT_CONVERSION = YES;
				CLANG_WARN_OBJC_ROOT_CLASS = YES_ERROR;
				CLANG_WARN_SUSPICIOUS_MOVE = YES;
				CLANG_WARN_UNREACHABLE_CODE = YES;
				CLANG_WARN__DUPLICATE_METHOD_MATCH = YES;
				"CODE_SIGN_IDENTITY[sdk=iphoneos*]" = "iPhone Developer";
				COPY_PHASE_STRIP = NO;
				DEBUG_INFORMATION_FORMAT = dwarf;
				ENABLE_STRICT_OBJC_MSGSEND = YES;
				ENABLE_TESTABILITY = YES;
				GCC_C_LANGUAGE_STANDARD = gnu99;
				GCC_DYNAMIC_NO_PIC = NO;
				GCC_NO_COMMON_BLOCKS = YES;
				GCC_OPTIMIZATION_LEVEL = 0;
				GCC_PREPROCESSOR_DEFINITIONS = (
					"DEBUG=1",
					"$(inherited)",
				);
				GCC_WARN_64_TO_32_BIT_CONVERSION = YES;
				GCC_WARN_ABOUT_RETURN_TYPE = YES_ERROR;
				GCC_WARN_UNDECLARED_SELECTOR = YES;
				GCC_WARN_UNINITIALIZED_AUTOS = YES_AGGRESSIVE;
				GCC_WARN_UNUSED_FUNCTION = YES;
				GCC_WARN_UNUSED_VARIABLE = YES;
				IPHONEOS_DEPLOYMENT_TARGET = 10.2;
				MTL_ENABLE_DEBUG_INFO = YES;
				ONLY_ACTIVE_ARCH = YES;
				SDKROOT = iphoneos;
				TARGETED_DEVICE_FAMILY = "1,2";
			};
			name = Debug;
		};
		E8D59AD61E29CEB600D2A745 /* Release */ = {
			isa = XCBuildConfiguration;
			buildSettings = {
				ALWAYS_SEARCH_USER_PATHS = NO;
				CLANG_ANALYZER_NONNULL = YES;
				CLANG_CXX_LANGUAGE_STANDARD = "gnu++0x";
				CLANG_CXX_LIBRARY = "libc++";
				CLANG_ENABLE_MODULES = YES;
				CLANG_ENABLE_OBJC_ARC = YES;
				CLANG_WARN_BOOL_CONVERSION = YES;
				CLANG_WARN_CONSTANT_CONVERSION = YES;
				CLANG_WARN_DIRECT_OBJC_ISA_USAGE = YES_ERROR;
				CLANG_WARN_DOCUMENTATION_COMMENTS = YES;
				CLANG_WARN_EMPTY_BODY = YES;
				CLANG_WARN_ENUM_CONVERSION = YES;
				CLANG_WARN_INFINITE_RECURSION = YES;
				CLANG_WARN_INT_CONVERSION = YES;
				CLANG_WARN_OBJC_ROOT_CLASS = YES_ERROR;
				CLANG_WARN_SUSPICIOUS_MOVE = YES;
				CLANG_WARN_UNREACHABLE_CODE = YES;
				CLANG_WARN__DUPLICATE_METHOD_MATCH = YES;
				"CODE_SIGN_IDENTITY[sdk=iphoneos*]" = "iPhone Developer";
				COPY_PHASE_STRIP = NO;
				DEBUG_INFORMATION_FORMAT = "dwarf-with-dsym";
				ENABLE_NS_ASSERTIONS = NO;
				ENABLE_STRICT_OBJC_MSGSEND = YES;
				GCC_C_LANGUAGE_STANDARD = gnu99;
				GCC_NO_COMMON_BLOCKS = YES;
				GCC_WARN_64_TO_32_BIT_CONVERSION = YES;
				GCC_WARN_ABOUT_RETURN_TYPE = YES_ERROR;
				GCC_WARN_UNDECLARED_SELECTOR = YES;
				GCC_WARN_UNINITIALIZED_AUTOS = YES_AGGRESSIVE;
				GCC_WARN_UNUSED_FUNCTION = YES;
				GCC_WARN_UNUSED_VARIABLE = YES;
				IPHONEOS_DEPLOYMENT_TARGET = 10.2;
				MTL_ENABLE_DEBUG_INFO = NO;
				SDKROOT = iphoneos;
				TARGETED_DEVICE_FAMILY = "1,2";
				VALIDATE_PRODUCT = YES;
			};
			name = Release;
		};
		E8D59AD81E29CEB600D2A745 /* Debug */ = {
			isa = XCBuildConfiguration;
			buildSettings = {
				ASSETCATALOG_COMPILER_APPICON_NAME = AppIcon;
				DEVELOPMENT_TEAM = UKBBWVJH59;
				INFOPLIST_FILE = RuntimeWrapDemo/Info.plist;
				LD_RUNPATH_SEARCH_PATHS = "$(inherited) @executable_path/Frameworks";
				PRODUCT_BUNDLE_IDENTIFIER = com.silence.RuntimeWrapDemo;
				PRODUCT_NAME = "$(TARGET_NAME)";
			};
			name = Debug;
		};
		E8D59AD91E29CEB600D2A745 /* Release */ = {
			isa = XCBuildConfiguration;
			buildSettings = {
				ASSETCATALOG_COMPILER_APPICON_NAME = AppIcon;
				DEVELOPMENT_TEAM = UKBBWVJH59;
				INFOPLIST_FILE = RuntimeWrapDemo/Info.plist;
				LD_RUNPATH_SEARCH_PATHS = "$(inherited) @executable_path/Frameworks";
				PRODUCT_BUNDLE_IDENTIFIER = com.silence.RuntimeWrapDemo;
				PRODUCT_NAME = "$(TARGET_NAME)";
			};
			name = Release;
		};
/* End XCBuildConfiguration section */

/* Begin XCConfigurationList section */
		E8D59ABB1E29CEB600D2A745 /* Build configuration list for PBXProject "RuntimeWrapDemo" */ = {
			isa = XCConfigurationList;
			buildConfigurations = (
				E8D59AD51E29CEB600D2A745 /* Debug */,
				E8D59AD61E29CEB600D2A745 /* Release */,
			);
			defaultConfigurationIsVisible = 0;
			defaultConfigurationName = Release;
		};
		E8D59AD71E29CEB600D2A745 /* Build configuration list for PBXNativeTarget "RuntimeWrapDemo" */ = {
			isa = XCConfigurationList;
			buildConfigurations = (
				E8D59AD81E29CEB600D2A745 /* Debug */,
				E8D59AD91E29CEB600D2A745 /* Release */,
			);
			defaultConfigurationIsVisible = 0;
			defaultConfigurationName = Release;
		};
/* End XCConfigurationList section */
	};
	rootObject = E8D59AB81E29CEB600D2A745 /* Project object */;
}
